PODS:
  - FBSnapshotTestCase (2.1.4):
    - FBSnapshotTestCase/SwiftSupport (= 2.1.4)
  - FBSnapshotTestCase/Core (2.1.4)
  - FBSnapshotTestCase/SwiftSupport (2.1.4):
    - FBSnapshotTestCase/Core
  - Masonry (1.1.0)
  - YUTool (0.0.1)

DEPENDENCIES:
  - FBSnapshotTestCase
  - Masonry
  - YUTool (from `../`)

SPEC REPOS:
  trunk:
    - FBSnapshotTestCase
    - Masonry

EXTERNAL SOURCES:
  YUTool:
    :path: "../"

SPEC CHECKSUMS:
  FBSnapshotTestCase: 094f9f314decbabe373b87cc339bea235a63e07a
  Masonry: 678fab65091a9290e40e2832a55e7ab731aad201
  YUTool: 742a46bac062e91c78804f978a6900aa9d5e1893

PODFILE CHECKSUM: 74a6018dc60e3fb80f2f23799bf12863a31e6ad8

COCOAPODS: 1.16.2
